<?xml version="1.0" encoding="utf-8"?>
<Project ToolsVersion="4.0" xmlns="http://schemas.microsoft.com/developer/msbuild/2003">
  <ItemGroup>
    <Filter Include="ソース ファイル">
      <UniqueIdentifier>{4FC737F1-C7A5-4376-A066-2A32D752A2FF}</UniqueIdentifier>
      <Extensions>cpp;c;cc;cxx;def;odl;idl;hpj;bat;asm;asmx</Extensions>
    </Filter>
    <Filter Include="ヘッダー ファイル">
      <UniqueIdentifier>{93995380-89BD-4b04-88EB-625FBE52EBFB}</UniqueIdentifier>
      <Extensions>h;hh;hpp;hxx;hm;inl;inc;xsd</Extensions>
    </Filter>
    <Filter Include="リソース ファイル">
      <UniqueIdentifier>{67DA6AB6-F800-4c08-8B7A-83BB121AAD01}</UniqueIdentifier>
      <Extensions>rc;ico;cur;bmp;dlg;rc2;rct;bin;rgs;gif;jpg;jpeg;jpe;resx;tiff;tif;png;wav;mfcribbon-ms</Extensions>
    </Filter>
    <Filter Include="ソース ファイル\Battle">
      <UniqueIdentifier>{2556f93f-6675-442c-9f0b-d3caa144a908}</UniqueIdentifier>
    </Filter>
    <Filter Include="ソース ファイル\Field">
      <UniqueIdentifier>{de37880f-51de-4644-bea5-66d3fc5fb14c}</UniqueIdentifier>
    </Filter>
    <Filter Include="ソース ファイル\Main">
      <UniqueIdentifier>{b6b7e0bd-968c-4b9e-9da0-087dbdc0d7bd}</UniqueIdentifier>
    </Filter>
    <Filter Include="ヘッダー ファイル\Battle">
      <UniqueIdentifier>{07174248-e693-4d18-b5c2-4a38fb1842b2}</UniqueIdentifier>
    </Filter>
    <Filter Include="ヘッダー ファイル\Field">
      <UniqueIdentifier>{8231ffe0-0daa-4480-b402-f0ac470a1aaf}</UniqueIdentifier>
    </Filter>
    <Filter Include="ヘッダー ファイル\Main">
      <UniqueIdentifier>{8e87a8c8-f049-4b40-9bc2-0b044e6744da}</UniqueIdentifier>
    </Filter>
  </ItemGroup>
  <ItemGroup>
    <ClCompile Include="stdafx.cpp">
      <Filter>リソース ファイル</Filter>
    </ClCompile>
    <ClCompile Include="code\Menu.cpp">
      <Filter>ソース ファイル</Filter>
    </ClCompile>
    <ClCompile Include="code\Mrt.cpp">
      <Filter>ソース ファイル</Filter>
    </ClCompile>
    <ClCompile Include="code\mrtLib.cpp">
      <Filter>ソース ファイル</Filter>
    </ClCompile>
    <ClCompile Include="code\nunuLib.cpp">
      <Filter>ソース ファイル</Filter>
    </ClCompile>
    <ClCompile Include="code\System.cpp">
      <Filter>ソース ファイル</Filter>
    </ClCompile>
    <ClCompile Include="code\Battle\BImgBank.cpp">
      <Filter>ソース ファイル\Battle</Filter>
    </ClCompile>
    <ClCompile Include="code\Battle\Enemy.cpp">
      <Filter>ソース ファイル\Battle</Filter>
    </ClCompile>
    <ClCompile Include="code\Battle\EnemyAI.cpp">
      <Filter>ソース ファイル\Battle</Filter>
    </ClCompile>
    <ClCompile Include="code\Battle\EnemyPlanner.cpp">
      <Filter>ソース ファイル\Battle</Filter>
    </ClCompile>
    <ClCompile Include="code\Battle\EnemySpeciesManager.cpp">
      <Filter>ソース ファイル\Battle</Filter>
    </ClCompile>
    <ClCompile Include="code\Battle\EnemyTargetter.cpp">
      <Filter>ソース ファイル\Battle</Filter>
    </ClCompile>
    <ClCompile Include="code\Battle\LogWindow.cpp">
      <Filter>ソース ファイル\Battle</Filter>
    </ClCompile>
    <ClCompile Include="code\Battle\Player.cpp">
      <Filter>ソース ファイル\Battle</Filter>
    </ClCompile>
    <ClCompile Include="code\Battle\PlayerSpeciesManager.cpp">
      <Filter>ソース ファイル\Battle</Filter>
    </ClCompile>
    <ClCompile Include="code\Battle\Species.cpp">
      <Filter>ソース ファイル\Battle</Filter>
    </ClCompile>
    <ClCompile Include="code\Battle\TrickDamageEffect.cpp">
      <Filter>ソース ファイル\Battle</Filter>
    </ClCompile>
    <ClCompile Include="code\Battle\TrickManager.cpp">
      <Filter>ソース ファイル\Battle</Filter>
    </ClCompile>
    <ClCompile Include="code\Battle\Actor.cpp">
      <Filter>ソース ファイル\Battle</Filter>
    </ClCompile>
    <ClCompile Include="code\Battle\Battle.cpp">
      <Filter>ソース ファイル\Battle</Filter>
    </ClCompile>
    <ClCompile Include="code\Battle\BattleCalculator.cpp">
      <Filter>ソース ファイル\Battle</Filter>
    </ClCompile>
    <ClCompile Include="code\Field\EveManager.cpp">
      <Filter>ソース ファイル\Field</Filter>
    </ClCompile>
    <ClCompile Include="code\Field\EveObj.cpp">
      <Filter>ソース ファイル\Field</Filter>
    </ClCompile>
    <ClCompile Include="code\Field\Field.cpp">
      <Filter>ソース ファイル\Field</Filter>
    </ClCompile>
    <ClCompile Include="code\Field\Item.cpp">
      <Filter>ソース ファイル\Field</Filter>
    </ClCompile>
    <ClCompile Include="code\Field\ItemManager.cpp">
      <Filter>ソース ファイル\Field</Filter>
    </ClCompile>
    <ClCompile Include="code\Field\Load.cpp">
      <Filter>ソース ファイル\Field</Filter>
    </ClCompile>
    <ClCompile Include="code\Field\Map.cpp">
      <Filter>ソース ファイル\Field</Filter>
    </ClCompile>
    <ClCompile Include="code\Field\ShopManager.cpp">
      <Filter>ソース ファイル\Field</Filter>
    </ClCompile>
    <ClCompile Include="code\Main\CmdList.cpp">
      <Filter>ソース ファイル\Main</Filter>
    </ClCompile>
    <ClCompile Include="code\Main\CmdManager.cpp">
      <Filter>ソース ファイル\Main</Filter>
    </ClCompile>
    <ClCompile Include="code\Main\ImgBank.cpp">
      <Filter>ソース ファイル\Main</Filter>
    </ClCompile>
    <ClCompile Include="code\Main\Main.cpp">
      <Filter>ソース ファイル\Main</Filter>
    </ClCompile>
    <ClCompile Include="code\Main\ScreenChanger.cpp">
      <Filter>ソース ファイル\Main</Filter>
    </ClCompile>
    <ClCompile Include="code\Main\TalkName.cpp">
      <Filter>ソース ファイル\Main</Filter>
    </ClCompile>
    <ClCompile Include="code\Main\TextBox.cpp">
      <Filter>ソース ファイル\Main</Filter>
    </ClCompile>
    <ClCompile Include="code\Main\TextWrap.cpp">
      <Filter>ソース ファイル\Main</Filter>
    </ClCompile>
    <ClCompile Include="code\Main\WorldManager.cpp">
      <Filter>ソース ファイル\Main</Filter>
    </ClCompile>
    <ClCompile Include="code\Field\AlchemistManager.cpp">
      <Filter>ソース ファイル\Field</Filter>
    </ClCompile>
    <ClCompile Include="code\Main\MusicManager.cpp">
      <Filter>ソース ファイル\Main</Filter>
    </ClCompile>
  </ItemGroup>
  <ItemGroup>
    <ClInclude Include="code\Define.h">
      <Filter>ヘッダー ファイル</Filter>
    </ClInclude>
    <ClInclude Include="code\Menu.h">
      <Filter>ヘッダー ファイル</Filter>
    </ClInclude>
    <ClInclude Include="code\Mrt.h">
      <Filter>ヘッダー ファイル</Filter>
    </ClInclude>
    <ClInclude Include="code\mrtLib.h">
      <Filter>ヘッダー ファイル</Filter>
    </ClInclude>
    <ClInclude Include="code\nunuLib.h">
      <Filter>ヘッダー ファイル</Filter>
    </ClInclude>
    <ClInclude Include="stdafx.h">
      <Filter>リソース ファイル</Filter>
    </ClInclude>
    <ClInclude Include="code\Battle\Battle.h">
      <Filter>ヘッダー ファイル\Battle</Filter>
    </ClInclude>
    <ClInclude Include="code\Battle\BattleCalculator.h">
      <Filter>ヘッダー ファイル\Battle</Filter>
    </ClInclude>
    <ClInclude Include="code\Battle\BImgBank.h">
      <Filter>ヘッダー ファイル\Battle</Filter>
    </ClInclude>
    <ClInclude Include="code\Battle\Enemy.h">
      <Filter>ヘッダー ファイル\Battle</Filter>
    </ClInclude>
    <ClInclude Include="code\Battle\EnemyAI.h">
      <Filter>ヘッダー ファイル\Battle</Filter>
    </ClInclude>
    <ClInclude Include="code\Battle\EnemyPlanner.h">
      <Filter>ヘッダー ファイル\Battle</Filter>
    </ClInclude>
    <ClInclude Include="code\Battle\EnemySpeciesManager.h">
      <Filter>ヘッダー ファイル\Battle</Filter>
    </ClInclude>
    <ClInclude Include="code\Battle\EnemyTargetter.h">
      <Filter>ヘッダー ファイル\Battle</Filter>
    </ClInclude>
    <ClInclude Include="code\Battle\LogWindow.h">
      <Filter>ヘッダー ファイル\Battle</Filter>
    </ClInclude>
    <ClInclude Include="code\Battle\Player.h">
      <Filter>ヘッダー ファイル\Battle</Filter>
    </ClInclude>
    <ClInclude Include="code\Battle\PlayerSpeciesManager.h">
      <Filter>ヘッダー ファイル\Battle</Filter>
    </ClInclude>
    <ClInclude Include="code\Battle\Species.h">
      <Filter>ヘッダー ファイル\Battle</Filter>
    </ClInclude>
    <ClInclude Include="code\Battle\TrickDamageEffect.h">
      <Filter>ヘッダー ファイル\Battle</Filter>
    </ClInclude>
    <ClInclude Include="code\Battle\TrickManager.h">
      <Filter>ヘッダー ファイル\Battle</Filter>
    </ClInclude>
    <ClInclude Include="code\Battle\Actor.h">
      <Filter>ヘッダー ファイル\Battle</Filter>
    </ClInclude>
    <ClInclude Include="code\Field\Map.h">
      <Filter>ヘッダー ファイル\Field</Filter>
    </ClInclude>
    <ClInclude Include="code\Field\ShopManager.h">
      <Filter>ヘッダー ファイル\Field</Filter>
    </ClInclude>
    <ClInclude Include="code\Field\EveManager.h">
      <Filter>ヘッダー ファイル\Field</Filter>
    </ClInclude>
    <ClInclude Include="code\Field\EveObj.h">
      <Filter>ヘッダー ファイル\Field</Filter>
    </ClInclude>
    <ClInclude Include="code\Field\Field.h">
      <Filter>ヘッダー ファイル\Field</Filter>
    </ClInclude>
    <ClInclude Include="code\Field\Item.h">
      <Filter>ヘッダー ファイル\Field</Filter>
    </ClInclude>
    <ClInclude Include="code\Field\ItemManager.h">
      <Filter>ヘッダー ファイル\Field</Filter>
    </ClInclude>
    <ClInclude Include="code\Field\Load.h">
      <Filter>ヘッダー ファイル\Field</Filter>
    </ClInclude>
    <ClInclude Include="code\Main\TalkName.h">
      <Filter>ヘッダー ファイル\Main</Filter>
    </ClInclude>
    <ClInclude Include="code\Main\TextBox.h">
      <Filter>ヘッダー ファイル\Main</Filter>
    </ClInclude>
    <ClInclude Include="code\Main\TextWrap.h">
      <Filter>ヘッダー ファイル\Main</Filter>
    </ClInclude>
    <ClInclude Include="code\Main\WorldManager.h">
      <Filter>ヘッダー ファイル\Main</Filter>
    </ClInclude>
    <ClInclude Include="code\Main\CmdList.h">
      <Filter>ヘッダー ファイル\Main</Filter>
    </ClInclude>
    <ClInclude Include="code\Main\CmdManager.h">
      <Filter>ヘッダー ファイル\Main</Filter>
    </ClInclude>
    <ClInclude Include="code\Main\ImgBank.h">
      <Filter>ヘッダー ファイル\Main</Filter>
    </ClInclude>
    <ClInclude Include="code\Main\Main.h">
      <Filter>ヘッダー ファイル\Main</Filter>
    </ClInclude>
    <ClInclude Include="code\Main\ScreenChanger.h">
      <Filter>ヘッダー ファイル\Main</Filter>
    </ClInclude>
    <ClInclude Include="code\Field\AlchemistManager.h">
      <Filter>ヘッダー ファイル\Field</Filter>
    </ClInclude>
    <ClInclude Include="code\Main\MusicManager.h">
      <Filter>ヘッダー ファイル\Main</Filter>
    </ClInclude>
  </ItemGroup>
</Project>