<?xml version="1.0" encoding="utf-8"?>
<Project ToolsVersion="4.0" xmlns="http://schemas.microsoft.com/developer/msbuild/2003">
  <ItemGroup>
    <Filter Include="ソース ファイル">
      <UniqueIdentifier>{4FC737F1-C7A5-4376-A066-2A32D752A2FF}</UniqueIdentifier>
      <Extensions>cpp;c;cc;cxx;def;odl;idl;hpj;bat;asm;asmx</Extensions>
    </Filter>
    <Filter Include="ヘッダー ファイル">
      <UniqueIdentifier>{93995380-89BD-4b04-88EB-625FBE52EBFB}</UniqueIdentifier>
      <Extensions>h;hpp;hxx;hm;inl;inc;xsd</Extensions>
    </Filter>
    <Filter Include="リソース ファイル">
      <UniqueIdentifier>{67DA6AB6-F800-4c08-8B7A-83BB121AAD01}</UniqueIdentifier>
      <Extensions>rc;ico;cur;bmp;dlg;rc2;rct;bin;rgs;gif;jpg;jpeg;jpe;resx;tiff;tif;png;wav;mfcribbon-ms</Extensions>
    </Filter>
    <Filter Include="ソース ファイル\Battle">
      <UniqueIdentifier>{1d45cf1a-ded2-4146-81fc-36bc0ad6ca06}</UniqueIdentifier>
    </Filter>
    <Filter Include="ヘッダー ファイル\Battle">
      <UniqueIdentifier>{7eed62c4-dfa6-4bad-86c9-2e7dbb7487fd}</UniqueIdentifier>
    </Filter>
    <Filter Include="ソース ファイル\Main">
      <UniqueIdentifier>{f77ee0fa-72d5-44b5-bd9b-b61e14eb1c1a}</UniqueIdentifier>
    </Filter>
    <Filter Include="ヘッダー ファイル\Main">
      <UniqueIdentifier>{e684f0f0-39ba-4de1-a74b-ccaf0eaa6150}</UniqueIdentifier>
    </Filter>
    <Filter Include="ソース ファイル\Field">
      <UniqueIdentifier>{966a82c1-f0b3-4ef5-8b06-e81b4a5beedd}</UniqueIdentifier>
    </Filter>
    <Filter Include="ヘッダー ファイル\Field">
      <UniqueIdentifier>{a341460d-67f6-49f2-86f5-bf814ad647e6}</UniqueIdentifier>
    </Filter>
  </ItemGroup>
  <ItemGroup>
    <ClCompile Include="cpp\Battle\Battle.cpp">
      <Filter>ソース ファイル\Battle</Filter>
    </ClCompile>
    <ClCompile Include="cpp\Main\Main.cpp">
      <Filter>ソース ファイル\Main</Filter>
    </ClCompile>
    <ClCompile Include="cpp\Main\TalkName.cpp">
      <Filter>ソース ファイル\Main</Filter>
    </ClCompile>
    <ClCompile Include="cpp\Main\TextBox.cpp">
      <Filter>ソース ファイル\Main</Filter>
    </ClCompile>
    <ClCompile Include="cpp\Main\TextWrap.cpp">
      <Filter>ソース ファイル\Main</Filter>
    </ClCompile>
    <ClCompile Include="cpp\Mrt.cpp">
      <Filter>ソース ファイル</Filter>
    </ClCompile>
    <ClCompile Include="cpp\mrtLib.cpp">
      <Filter>ソース ファイル</Filter>
    </ClCompile>
    <ClCompile Include="cpp\nunuLib.cpp">
      <Filter>ソース ファイル</Filter>
    </ClCompile>
    <ClCompile Include="cpp\System.cpp">
      <Filter>ソース ファイル</Filter>
    </ClCompile>
    <ClCompile Include="cpp\Battle\Actor.cpp">
      <Filter>ソース ファイル\Battle</Filter>
    </ClCompile>
    <ClCompile Include="cpp\Battle\Enemy.cpp">
      <Filter>ソース ファイル\Battle</Filter>
    </ClCompile>
    <ClCompile Include="cpp\Battle\Player.cpp">
      <Filter>ソース ファイル\Battle</Filter>
    </ClCompile>
    <ClCompile Include="cpp\Battle\TrickManager.cpp">
      <Filter>ソース ファイル\Battle</Filter>
    </ClCompile>
    <ClCompile Include="cpp\Main\CmdManager.cpp">
      <Filter>ソース ファイル\Main</Filter>
    </ClCompile>
    <ClCompile Include="cpp\Main\CmdList.cpp">
      <Filter>ソース ファイル\Main</Filter>
    </ClCompile>
    <ClCompile Include="cpp\Main\WorldManager.cpp">
      <Filter>ソース ファイル\Main</Filter>
    </ClCompile>
    <ClCompile Include="cpp\Field\EveManager.cpp">
      <Filter>ソース ファイル\Field</Filter>
    </ClCompile>
    <ClCompile Include="cpp\Field\EveObj.cpp">
      <Filter>ソース ファイル\Field</Filter>
    </ClCompile>
    <ClCompile Include="cpp\Field\Field.cpp">
      <Filter>ソース ファイル\Field</Filter>
    </ClCompile>
    <ClCompile Include="cpp\Field\Load.cpp">
      <Filter>ソース ファイル\Field</Filter>
    </ClCompile>
    <ClCompile Include="cpp\Field\Map.cpp">
      <Filter>ソース ファイル\Field</Filter>
    </ClCompile>
    <ClCompile Include="cpp\Menu.cpp">
      <Filter>ソース ファイル</Filter>
    </ClCompile>
    <ClCompile Include="cpp\Battle\EnemyPlanManager.cpp">
      <Filter>ソース ファイル\Battle</Filter>
    </ClCompile>
    <ClCompile Include="cpp\Battle\Species.cpp">
      <Filter>ソース ファイル\Battle</Filter>
    </ClCompile>
    <ClCompile Include="cpp\Battle\SpeciesManager.cpp">
      <Filter>ソース ファイル\Battle</Filter>
    </ClCompile>
    <ClCompile Include="cpp\Battle\BImgBank.cpp">
      <Filter>ソース ファイル\Battle</Filter>
    </ClCompile>
    <ClCompile Include="cpp\Battle\BattleCalculator.cpp">
      <Filter>ソース ファイル\Battle</Filter>
    </ClCompile>
    <ClCompile Include="cpp\Main\ScreenChanger.cpp">
      <Filter>ソース ファイル\Main</Filter>
    </ClCompile>
  </ItemGroup>
  <ItemGroup>
    <ClInclude Include="cpp\Battle\Battle.h">
      <Filter>ヘッダー ファイル\Battle</Filter>
    </ClInclude>
    <ClInclude Include="cpp\Main\TextWrap.h">
      <Filter>ヘッダー ファイル\Main</Filter>
    </ClInclude>
    <ClInclude Include="cpp\Main\CmdList.h">
      <Filter>ヘッダー ファイル\Main</Filter>
    </ClInclude>
    <ClInclude Include="cpp\Main\CmdManager.h">
      <Filter>ヘッダー ファイル\Main</Filter>
    </ClInclude>
    <ClInclude Include="cpp\Main\TalkName.h">
      <Filter>ヘッダー ファイル\Main</Filter>
    </ClInclude>
    <ClInclude Include="cpp\Main\TextBox.h">
      <Filter>ヘッダー ファイル\Main</Filter>
    </ClInclude>
    <ClInclude Include="cpp\Define.h">
      <Filter>ヘッダー ファイル</Filter>
    </ClInclude>
    <ClInclude Include="cpp\Mrt.h">
      <Filter>ヘッダー ファイル</Filter>
    </ClInclude>
    <ClInclude Include="cpp\mrtLib.h">
      <Filter>ヘッダー ファイル</Filter>
    </ClInclude>
    <ClInclude Include="cpp\nunuLib.h">
      <Filter>ヘッダー ファイル</Filter>
    </ClInclude>
    <ClInclude Include="cpp\Battle\Actor.h">
      <Filter>ヘッダー ファイル\Battle</Filter>
    </ClInclude>
    <ClInclude Include="cpp\Battle\Enemy.h">
      <Filter>ヘッダー ファイル\Battle</Filter>
    </ClInclude>
    <ClInclude Include="cpp\Battle\Player.h">
      <Filter>ヘッダー ファイル\Battle</Filter>
    </ClInclude>
    <ClInclude Include="cpp\Battle\TrickManager.h">
      <Filter>ヘッダー ファイル\Battle</Filter>
    </ClInclude>
    <ClInclude Include="cpp\Main\Main.h">
      <Filter>ヘッダー ファイル</Filter>
    </ClInclude>
    <ClInclude Include="cpp\Field\Field.h">
      <Filter>ヘッダー ファイル\Field</Filter>
    </ClInclude>
    <ClInclude Include="cpp\Field\Load.h">
      <Filter>ヘッダー ファイル\Field</Filter>
    </ClInclude>
    <ClInclude Include="cpp\Field\Map.h">
      <Filter>ヘッダー ファイル\Field</Filter>
    </ClInclude>
    <ClInclude Include="cpp\Field\EveManager.h">
      <Filter>ヘッダー ファイル\Field</Filter>
    </ClInclude>
    <ClInclude Include="cpp\Field\EveObj.h">
      <Filter>ヘッダー ファイル\Field</Filter>
    </ClInclude>
    <ClInclude Include="cpp\Main\WorldManager.h">
      <Filter>ヘッダー ファイル\Main</Filter>
    </ClInclude>
    <ClInclude Include="cpp\Menu.h">
      <Filter>ヘッダー ファイル</Filter>
    </ClInclude>
    <ClInclude Include="cpp\Battle\EnemyPlanManager.h">
      <Filter>ヘッダー ファイル\Battle</Filter>
    </ClInclude>
    <ClInclude Include="cpp\Battle\Species.h">
      <Filter>ヘッダー ファイル\Battle</Filter>
    </ClInclude>
    <ClInclude Include="cpp\Battle\SpeciesManager.h">
      <Filter>ヘッダー ファイル\Battle</Filter>
    </ClInclude>
    <ClInclude Include="cpp\Battle\BImgBank.h">
      <Filter>ヘッダー ファイル\Battle</Filter>
    </ClInclude>
    <ClInclude Include="cpp\battle\BattleCalculator.h">
      <Filter>ヘッダー ファイル\Battle</Filter>
    </ClInclude>
    <ClInclude Include="cpp\Main\ScreenChanger.h">
      <Filter>ヘッダー ファイル\Main</Filter>
    </ClInclude>
  </ItemGroup>
</Project>